PODS:
  - Alamofire (4.4.0)
  - EVReflection (4.4.1):
    - EVReflection/Core (= 4.4.1)
  - EVReflection/Core (4.4.1)

DEPENDENCIES:
  - Alamofire (from `https://github.com/Alamofire/Alamofire.git`)
  - EVReflection (from `https://github.com/evermeer/EVReflection.git`)

EXTERNAL SOURCES:
  Alamofire:
    :git: https://github.com/Alamofire/Alamofire.git
  EVReflection:
    :git: https://github.com/evermeer/EVReflection.git

CHECKOUT OPTIONS:
  Alamofire:
    :commit: b03b43cc381ec02eb9855085427186ef89055eef
    :git: https://github.com/Alamofire/Alamofire.git
  EVReflection:
    :commit: 4a228d9995625bc4fa719901519a502833f1a371
    :git: https://github.com/evermeer/EVReflection.git

SPEC CHECKSUMS:
  Alamofire: 4c2bf7fa03c4a626163606de0a417568c270575e
  EVReflection: c6afc215ed19c9d1cc204c0d970ead9657dd5937

PODFILE CHECKSUM: b23d0f295b1db58b718a1a6c6d39516f37f4e932

COCOAPODS: 1.2.0
