PODS:
  - Alamofire (3.5.1)
  - EVReflection (2.39.1)

DEPENDENCIES:
  - Alamofire (~> 3.5)
  - EVReflection (from `https://github.com/evermeer/EVReflection.git`, branch `Swift2.3`)

EXTERNAL SOURCES:
  EVReflection:
    :branch: Swift2.3
    :git: https://github.com/evermeer/EVReflection.git

CHECKOUT OPTIONS:
  EVReflection:
    :commit: 065e545fccea4b88384338097ea05dff27a042e8
    :git: https://github.com/evermeer/EVReflection.git

SPEC CHECKSUMS:
  Alamofire: 0dfba1184a543e2aa160f4e39cac4e8aba48d223
  EVReflection: a3155b949b8468ea064f9c50457ebf2aa454f5db

PODFILE CHECKSUM: 041c37a836ae4d9381ff7fde44f8eb0bbeb26839

COCOAPODS: 1.1.0.rc.3
